
Microsoft Visual Studio Solution File, Format Version 11.00
# Visual Studio 2010
Project("{FAE04EC0-301F-11D3-BF4B-00C04F79EFBC}") = "hwSteamVR", "Assembly-CSharp.csproj", "{FE38AF73-C30D-7168-BE07-38FB69F7FA4B}"
EndProject
Project("{FAE04EC0-301F-11D3-BF4B-00C04F79EFBC}") = "hwSteamVR", "Assembly-CSharp-Editor.csproj", "{443C2517-22CE-0F44-D034-B57E3D55B173}"
EndProject
Global
	GlobalSection(SolutionConfigurationPlatforms) = preSolution
		Debug|Any CPU = Debug|Any CPU
		Release|Any CPU = Release|Any CPU
	EndGlobalSection
	GlobalSection(ProjectConfigurationPlatforms) = postSolution
		{FE38AF73-C30D-7168-BE07-38FB69F7FA4B}.Debug|Any CPU.ActiveCfg = Debug|Any CPU
		{FE38AF73-C30D-7168-BE07-38FB69F7FA4B}.Debug|Any CPU.Build.0 = Debug|Any CPU
		{FE38AF73-C30D-7168-BE07-38FB69F7FA4B}.Release|Any CPU.ActiveCfg = Release|Any CPU
		{FE38AF73-C30D-7168-BE07-38FB69F7FA4B}.Release|Any CPU.Build.0 = Release|Any CPU
		{443C2517-22CE-0F44-D034-B57E3D55B173}.Debug|Any CPU.ActiveCfg = Debug|Any CPU
		{443C2517-22CE-0F44-D034-B57E3D55B173}.Debug|Any CPU.Build.0 = Debug|Any CPU
		{443C2517-22CE-0F44-D034-B57E3D55B173}.Release|Any CPU.ActiveCfg = Release|Any CPU
		{443C2517-22CE-0F44-D034-B57E3D55B173}.Release|Any CPU.Build.0 = Release|Any CPU
	EndGlobalSection
	GlobalSection(SolutionProperties) = preSolution
		HideSolutionNode = FALSE
	EndGlobalSection
	GlobalSection(MonoDevelopProperties) = preSolution
		StartupItem = Assembly-CSharp.csproj
	EndGlobalSection
EndGlobal
